
Microsoft Visual Studio Solution File, Format Version 12.00
# Visual Studio 15
VisualStudioVersion = 15.0.26730.10
MinimumVisualStudioVersion = 10.0.40219.1
Project("{FAE04EC0-301F-11D3-BF4B-00C04F79EFBC}") = "Jade", "Jade\Jade.csproj", "{AC015047-0433-401F-B763-7E03444CCBAD}"
EndProject
Global
	GlobalSection(SolutionConfigurationPlatforms) = preSolution
		Debug|ARM = Debug|ARM
		Debug|x64 = Debug|x64
		Debug|x86 = Debug|x86
		Release|ARM = Release|ARM
		Release|x64 = Release|x64
		Release|x86 = Release|x86
	EndGlobalSection
	GlobalSection(ProjectConfigurationPlatforms) = postSolution
		{AC015047-0433-401F-B763-7E03444CCBAD}.Debug|ARM.ActiveCfg = Debug|ARM
		{AC015047-0433-401F-B763-7E03444CCBAD}.Debug|ARM.Build.0 = Debug|ARM
		{AC015047-0433-401F-B763-7E03444CCBAD}.Debug|ARM.Deploy.0 = Debug|ARM
		{AC015047-0433-401F-B763-7E03444CCBAD}.Debug|x64.ActiveCfg = Debug|x64
		{AC015047-0433-401F-B763-7E03444CCBAD}.Debug|x64.Build.0 = Debug|x64
		{AC015047-0433-401F-B763-7E03444CCBAD}.Debug|x64.Deploy.0 = Debug|x64
		{AC015047-0433-401F-B763-7E03444CCBAD}.Debug|x86.ActiveCfg = Debug|x86
		{AC015047-0433-401F-B763-7E03444CCBAD}.Debug|x86.Build.0 = Debug|x86
		{AC015047-0433-401F-B763-7E03444CCBAD}.Debug|x86.Deploy.0 = Debug|x86
		{AC015047-0433-401F-B763-7E03444CCBAD}.Release|ARM.ActiveCfg = Release|ARM
		{AC015047-0433-401F-B763-7E03444CCBAD}.Release|ARM.Build.0 = Release|ARM
		{AC015047-0433-401F-B763-7E03444CCBAD}.Release|ARM.Deploy.0 = Release|ARM
		{AC015047-0433-401F-B763-7E03444CCBAD}.Release|x64.ActiveCfg = Release|x64
		{AC015047-0433-401F-B763-7E03444CCBAD}.Release|x64.Build.0 = Release|x64
		{AC015047-0433-401F-B763-7E03444CCBAD}.Release|x64.Deploy.0 = Release|x64
		{AC015047-0433-401F-B763-7E03444CCBAD}.Release|x86.ActiveCfg = Release|x86
		{AC015047-0433-401F-B763-7E03444CCBAD}.Release|x86.Build.0 = Release|x86
		{AC015047-0433-401F-B763-7E03444CCBAD}.Release|x86.Deploy.0 = Release|x86
	EndGlobalSection
	GlobalSection(SolutionProperties) = preSolution
		HideSolutionNode = FALSE
	EndGlobalSection
	GlobalSection(ExtensibilityGlobals) = postSolution
		SolutionGuid = {11334E25-E371-4D31-8CB6-88D2C75D6AEE}
	EndGlobalSection
EndGlobal
